{
    "_readme": [
        "This file locks the dependencies of your project to a known state",
        "Read more about it at https://getcomposer.org/doc/01-basic-usage.md#composer-lock-the-lock-file",
        "This file is @generated automatically"
    ],
    "hash": "ce8c26ecf54f81f847df9c8dd3fb677f",
    "content-hash": "147d2c9e820793b9b163f9053044b260",
    "packages": [
        {
            "name": "jiaweixs/simplecache",
            "version": "1.2",
            "source": {
                "type": "git",
                "url": "https://github.com/kulokai/simplecache.git",
                "reference": "7848ce8eddd410292436dcc449e150a2e2d4a923"
            },
            "dist": {
                "type": "zip",
                "url": "https://api.github.com/repos/kulokai/simplecache/zipball/7848ce8eddd410292436dcc449e150a2e2d4a923",
                "reference": "7848ce8eddd410292436dcc449e150a2e2d4a923",
                "shasum": ""
            },
            "require": {
                "php": "^5.5.9 || ^7.0"
            },
            "type": "library",
            "autoload": {
                "psr-4": {
                    "JiaweiXS\\": "src/"
                }
            },
            "notification-url": "https://packagist.org/downloads/",
            "license": [
                "MIT"
            ],
            "authors": [
                {
                    "name": "JiaweiXS",
                    "email": "kurobafear@hotmail.com"
                }
            ],
            "description": "A PHP Simple Cache Base on File.",
            "keywords": [
                "cache",
                "simple cache"
            ],
            "time": "2017-08-24 06:23:28"
        },
        {
            "name": "liaosp/weappcode",
            "version": "1.4.5",
            "source": {
                "type": "git",
                "url": "https://github.com/liaoshengping/weapp_wechat_miniapp_sdk.git",
                "reference": "33cc2369c4a4c7310f411055c150fa22fdd28432"
            },
            "dist": {
                "type": "zip",
                "url": "https://api.github.com/repos/liaoshengping/weapp_wechat_miniapp_sdk/zipball/33cc2369c4a4c7310f411055c150fa22fdd28432",
                "reference": "33cc2369c4a4c7310f411055c150fa22fdd28432",
                "shasum": ""
            },
            "require": {
                "jiaweixs/simplecache": "*",
                "php": "^5.5.9 || ^7.0"
            },
            "type": "library",
            "autoload": {
                "psr-4": {
                    "JiaweiXS\\WeApp\\": "src/"
                }
            },
            "notification-url": "https://packagist.org/downloads/",
            "license": [
                "MIT"
            ],
            "authors": [
                {
                    "name": "liaosp",
                    "email": "1194008361@qq.com"
                }
            ],
            "description": "一个微信小程序服务端SDK，集成小程序服务端所有接口。A SDK of WeChat mini app.",
            "keywords": [
                "miniapp",
                "wechat",
                "wechat app"
            ],
            "time": "2019-03-19 13:08:08"
        },
        {
            "name": "topthink/framework",
            "version": "v5.1.35",
            "source": {
                "type": "git",
                "url": "https://github.com/top-think/framework.git",
                "reference": "c53c0c6132022a87e8ee9c4109939eaf9a8a7adb"
            },
            "dist": {
                "type": "zip",
                "url": "https://api.github.com/repos/top-think/framework/zipball/c53c0c6132022a87e8ee9c4109939eaf9a8a7adb",
                "reference": "c53c0c6132022a87e8ee9c4109939eaf9a8a7adb",
                "shasum": ""
            },
            "require": {
                "php": ">=5.6.0",
                "topthink/think-installer": "2.*"
            },
            "require-dev": {
                "johnkary/phpunit-speedtrap": "^1.0",
                "mikey179/vfsstream": "~1.6",
                "phpdocumentor/reflection-docblock": "^2.0",
                "phploc/phploc": "2.*",
                "phpunit/phpunit": "^5.0|^6.0",
                "sebastian/phpcpd": "2.*",
                "squizlabs/php_codesniffer": "2.*"
            },
            "type": "think-framework",
            "notification-url": "https://packagist.org/downloads/",
            "license": [
                "Apache-2.0"
            ],
            "authors": [
                {
                    "name": "liu21st",
                    "email": "liu21st@gmail.com"
                },
                {
                    "name": "yunwuxin",
                    "email": "448901948@qq.com"
                }
            ],
            "description": "the new thinkphp framework",
            "homepage": "http://thinkphp.cn/",
            "keywords": [
                "framework",
                "orm",
                "thinkphp"
            ],
            "time": "2019-03-03 00:44:44"
        },
        {
            "name": "topthink/think-installer",
            "version": "v2.0.0",
            "source": {
                "type": "git",
                "url": "https://github.com/top-think/think-installer.git",
                "reference": "f5400a12c60e513911aef41fe443fa6920952675"
            },
            "dist": {
                "type": "zip",
                "url": "https://api.github.com/repos/top-think/think-installer/zipball/f5400a12c60e513911aef41fe443fa6920952675",
                "reference": "f5400a12c60e513911aef41fe443fa6920952675",
                "shasum": ""
            },
            "require": {
                "composer-plugin-api": "^1.0"
            },
            "require-dev": {
                "composer/composer": "1.0.*@dev"
            },
            "type": "composer-plugin",
            "extra": {
                "class": "think\\composer\\Plugin"
            },
            "autoload": {
                "psr-4": {
                    "think\\composer\\": "src"
                }
            },
            "notification-url": "https://packagist.org/downloads/",
            "license": [
                "Apache-2.0"
            ],
            "authors": [
                {
                    "name": "yunwuxin",
                    "email": "448901948@qq.com"
                }
            ],
            "time": "2018-05-11 06:45:42"
        }
    ],
    "packages-dev": [],
    "aliases": [],
    "minimum-stability": "stable",
    "stability-flags": [],
    "prefer-stable": false,
    "prefer-lowest": false,
    "platform": {
        "php": ">=5.6.0"
    },
    "platform-dev": []
}
